Microsoft Visual Studio Solution File, Format Version 12.00
# Visual Studio 2012
Project("{FAE04EC0-301F-11D3-BF4B-00C04F79EFBC}") = "New Game Project", "New Game Project.csproj", "{A34B274A-AFD8-4307-8B86-B253C78B9B0D}"
EndProject
Global
	GlobalSection(SolutionConfigurationPlatforms) = preSolution
	Debug|Any CPU = Debug|Any CPU
	ExportDebug|Any CPU = ExportDebug|Any CPU
	ExportRelease|Any CPU = ExportRelease|Any CPU
	EndGlobalSection
	GlobalSection(ProjectConfigurationPlatforms) = postSolution
		{A34B274A-AFD8-4307-8B86-B253C78B9B0D}.Debug|Any CPU.ActiveCfg = Debug|Any CPU
		{A34B274A-AFD8-4307-8B86-B253C78B9B0D}.Debug|Any CPU.Build.0 = Debug|Any CPU
		{A34B274A-AFD8-4307-8B86-B253C78B9B0D}.ExportDebug|Any CPU.ActiveCfg = ExportDebug|Any CPU
		{A34B274A-AFD8-4307-8B86-B253C78B9B0D}.ExportDebug|Any CPU.Build.0 = ExportDebug|Any CPU
		{A34B274A-AFD8-4307-8B86-B253C78B9B0D}.ExportRelease|Any CPU.ActiveCfg = ExportRelease|Any CPU
		{A34B274A-AFD8-4307-8B86-B253C78B9B0D}.ExportRelease|Any CPU.Build.0 = ExportRelease|Any CPU
	EndGlobalSection
EndGlobal
